
Microsoft Visual Studio Solution File, Format Version 12.00
# Visual Studio Version 17
VisualStudioVersion = 17.6.33815.320
MinimumVisualStudioVersion = 10.0.40219.1
Project("{FAE04EC0-301F-11D3-BF4B-00C04F79EFBC}") = "Session6", "Session6.csproj", "{65CB5267-9226-4D03-9288-CA84C1D0B0B2}"
EndProject
Global
	GlobalSection(SolutionConfigurationPlatforms) = preSolution
		Debug|Any CPU = Debug|Any CPU
		Release|Any CPU = Release|Any CPU
	EndGlobalSection
	GlobalSection(ProjectConfigurationPlatforms) = postSolution
		{65CB5267-9226-4D03-9288-CA84C1D0B0B2}.Debug|Any CPU.ActiveCfg = Debug|Any CPU
		{65CB5267-9226-4D03-9288-CA84C1D0B0B2}.Debug|Any CPU.Build.0 = Debug|Any CPU
		{65CB5267-9226-4D03-9288-CA84C1D0B0B2}.Release|Any CPU.ActiveCfg = Release|Any CPU
		{65CB5267-9226-4D03-9288-CA84C1D0B0B2}.Release|Any CPU.Build.0 = Release|Any CPU
	EndGlobalSection
	GlobalSection(SolutionProperties) = preSolution
		HideSolutionNode = FALSE
	EndGlobalSection
	GlobalSection(ExtensibilityGlobals) = postSolution
		SolutionGuid = {8DF55DAF-A2BB-4296-B7BE-5B01FCBA15A1}
	EndGlobalSection
EndGlobal
